// !$*UTF8*$!
{
	archiveVersion = 1;
	classes = {
	};
	objectVersion = 46;
	objects = {

/* Begin PBXBuildFile section */
		7FDF860718BCE52200299221 /* Foundation.framework in Frameworks */ = {isa = PBXBuildFile; fileRef = 7FDF860618BCE52200299221 /* Foundation.framework */; };
		7FDF860C18BCE52200299221 /* STBlockingQueue.h in CopyFiles */ = {isa = PBXBuildFile; fileRef = 7FDF860B18BCE52200299221 /* STBlockingQueue.h */; };
		7FDF860E18BCE52200299221 /* STBlockingQueue.m in Sources */ = {isa = PBXBuildFile; fileRef = 7FDF860D18BCE52200299221 /* STBlockingQueue.m */; };
		7FDF861518BCE52200299221 /* XCTest.framework in Frameworks */ = {isa = PBXBuildFile; fileRef = 7FDF861418BCE52200299221 /* XCTest.framework */; };
		7FDF861618BCE52200299221 /* Foundation.framework in Frameworks */ = {isa = PBXBuildFile; fileRef = 7FDF860618BCE52200299221 /* Foundation.framework */; };
		7FDF861818BCE52200299221 /* UIKit.framework in Frameworks */ = {isa = PBXBuildFile; fileRef = 7FDF861718BCE52200299221 /* UIKit.framework */; };
		7FDF861B18BCE52200299221 /* libSTBlockingQueue.a in Frameworks */ = {isa = PBXBuildFile; fileRef = 7FDF860318BCE52200299221 /* libSTBlockingQueue.a */; };
		7FDF862118BCE52200299221 /* InfoPlist.strings in Resources */ = {isa = PBXBuildFile; fileRef = 7FDF861F18BCE52200299221 /* InfoPlist.strings */; };
		7FDF862318BCE52200299221 /* STBlockingQueueTests.m in Sources */ = {isa = PBXBuildFile; fileRef = 7FDF862218BCE52200299221 /* STBlockingQueueTests.m */; };
		864B6B3FAF874232B6BFDAC9 /* libPods.a in Frameworks */ = {isa = PBXBuildFile; fileRef = 433F7CA1FF8442988D7C1A7A /* libPods.a */; };
		951FD75800E2477985AFA499 /* libPods-test.a in Frameworks */ = {isa = PBXBuildFile; fileRef = A62E094D88364AF4A2914271 /* libPods-test.a */; };
/* End PBXBuildFile section */

/* Begin PBXContainerItemProxy section */
		7FDF861918BCE52200299221 /* PBXContainerItemProxy */ = {
			isa = PBXContainerItemProxy;
			containerPortal = 7FDF85FB18BCE52200299221 /* Project object */;
			proxyType = 1;
			remoteGlobalIDString = 7FDF860218BCE52200299221;
			remoteInfo = STBlockingQueue;
		};
/* End PBXContainerItemProxy section */

/* Begin PBXCopyFilesBuildPhase section */
		7FDF860118BCE52200299221 /* CopyFiles */ = {
			isa = PBXCopyFilesBuildPhase;
			buildActionMask = 2147483647;
			dstPath = "include/$(PRODUCT_NAME)";
			dstSubfolderSpec = 16;
			files = (
				7FDF860C18BCE52200299221 /* STBlockingQueue.h in CopyFiles */,
			);
			runOnlyForDeploymentPostprocessing = 0;
		};
/* End PBXCopyFilesBuildPhase section */

/* Begin PBXFileReference section */
		3B755DA2627C4A22B6AEBB7C /* Pods.xcconfig */ = {isa = PBXFileReference; includeInIndex = 1; lastKnownFileType = text.xcconfig; name = Pods.xcconfig; path = Pods/Pods.xcconfig; sourceTree = "<group>"; };
		433F7CA1FF8442988D7C1A7A /* libPods.a */ = {isa = PBXFileReference; explicitFileType = archive.ar; includeInIndex = 0; path = libPods.a; sourceTree = BUILT_PRODUCTS_DIR; };
		7FDF860318BCE52200299221 /* libSTBlockingQueue.a */ = {isa = PBXFileReference; explicitFileType = archive.ar; includeInIndex = 0; path = libSTBlockingQueue.a; sourceTree = BUILT_PRODUCTS_DIR; };
		7FDF860618BCE52200299221 /* Foundation.framework */ = {isa = PBXFileReference; lastKnownFileType = wrapper.framework; name = Foundation.framework; path = System/Library/Frameworks/Foundation.framework; sourceTree = SDKROOT; };
		7FDF860A18BCE52200299221 /* STBlockingQueue-Prefix.pch */ = {isa = PBXFileReference; lastKnownFileType = sourcecode.c.h; path = "STBlockingQueue-Prefix.pch"; sourceTree = "<group>"; };
		7FDF860B18BCE52200299221 /* STBlockingQueue.h */ = {isa = PBXFileReference; lastKnownFileType = sourcecode.c.h; path = STBlockingQueue.h; sourceTree = "<group>"; };
		7FDF860D18BCE52200299221 /* STBlockingQueue.m */ = {isa = PBXFileReference; lastKnownFileType = sourcecode.c.objc; path = STBlockingQueue.m; sourceTree = "<group>"; };
		7FDF861318BCE52200299221 /* STBlockingQueueTests.xctest */ = {isa = PBXFileReference; explicitFileType = wrapper.cfbundle; includeInIndex = 0; path = STBlockingQueueTests.xctest; sourceTree = BUILT_PRODUCTS_DIR; };
		7FDF861418BCE52200299221 /* XCTest.framework */ = {isa = PBXFileReference; lastKnownFileType = wrapper.framework; name = XCTest.framework; path = Library/Frameworks/XCTest.framework; sourceTree = DEVELOPER_DIR; };
		7FDF861718BCE52200299221 /* UIKit.framework */ = {isa = PBXFileReference; lastKnownFileType = wrapper.framework; name = UIKit.framework; path = Library/Frameworks/UIKit.framework; sourceTree = DEVELOPER_DIR; };
		7FDF861E18BCE52200299221 /* STBlockingQueueTests-Info.plist */ = {isa = PBXFileReference; lastKnownFileType = text.plist.xml; path = "STBlockingQueueTests-Info.plist"; sourceTree = "<group>"; };
		7FDF862018BCE52200299221 /* en */ = {isa = PBXFileReference; lastKnownFileType = text.plist.strings; name = en; path = en.lproj/InfoPlist.strings; sourceTree = "<group>"; };
		7FDF862218BCE52200299221 /* STBlockingQueueTests.m */ = {isa = PBXFileReference; lastKnownFileType = sourcecode.c.objc; path = STBlockingQueueTests.m; sourceTree = "<group>"; };
		8C23DC3989904B9DA811D53A /* Pods-test.xcconfig */ = {isa = PBXFileReference; includeInIndex = 1; lastKnownFileType = text.xcconfig; name = "Pods-test.xcconfig"; path = "Pods/Pods-test.xcconfig"; sourceTree = "<group>"; };
		A62E094D88364AF4A2914271 /* libPods-test.a */ = {isa = PBXFileReference; explicitFileType = archive.ar; includeInIndex = 0; path = "libPods-test.a"; sourceTree = BUILT_PRODUCTS_DIR; };
/* End PBXFileReference section */

/* Begin PBXFrameworksBuildPhase section */
		7FDF860018BCE52200299221 /* Frameworks */ = {
			isa = PBXFrameworksBuildPhase;
			buildActionMask = 2147483647;
			files = (
				7FDF860718BCE52200299221 /* Foundation.framework in Frameworks */,
				864B6B3FAF874232B6BFDAC9 /* libPods.a in Frameworks */,
			);
			runOnlyForDeploymentPostprocessing = 0;
		};
		7FDF861018BCE52200299221 /* Frameworks */ = {
			isa = PBXFrameworksBuildPhase;
			buildActionMask = 2147483647;
			files = (
				7FDF861518BCE52200299221 /* XCTest.framework in Frameworks */,
				7FDF861818BCE52200299221 /* UIKit.framework in Frameworks */,
				7FDF861618BCE52200299221 /* Foundation.framework in Frameworks */,
				7FDF861B18BCE52200299221 /* libSTBlockingQueue.a in Frameworks */,
				951FD75800E2477985AFA499 /* libPods-test.a in Frameworks */,
			);
			runOnlyForDeploymentPostprocessing = 0;
		};
/* End PBXFrameworksBuildPhase section */

/* Begin PBXGroup section */
		7FDF85FA18BCE52200299221 = {
			isa = PBXGroup;
			children = (
				7FDF860818BCE52200299221 /* STBlockingQueue */,
				7FDF861C18BCE52200299221 /* STBlockingQueueTests */,
				7FDF860518BCE52200299221 /* Frameworks */,
				7FDF860418BCE52200299221 /* Products */,
				3B755DA2627C4A22B6AEBB7C /* Pods.xcconfig */,
				8C23DC3989904B9DA811D53A /* Pods-test.xcconfig */,
			);
			sourceTree = "<group>";
		};
		7FDF860418BCE52200299221 /* Products */ = {
			isa = PBXGroup;
			children = (
				7FDF860318BCE52200299221 /* libSTBlockingQueue.a */,
				7FDF861318BCE52200299221 /* STBlockingQueueTests.xctest */,
			);
			name = Products;
			sourceTree = "<group>";
		};
		7FDF860518BCE52200299221 /* Frameworks */ = {
			isa = PBXGroup;
			children = (
				7FDF860618BCE52200299221 /* Foundation.framework */,
				7FDF861418BCE52200299221 /* XCTest.framework */,
				7FDF861718BCE52200299221 /* UIKit.framework */,
				433F7CA1FF8442988D7C1A7A /* libPods.a */,
				A62E094D88364AF4A2914271 /* libPods-test.a */,
			);
			name = Frameworks;
			sourceTree = "<group>";
		};
		7FDF860818BCE52200299221 /* STBlockingQueue */ = {
			isa = PBXGroup;
			children = (
				7FDF860B18BCE52200299221 /* STBlockingQueue.h */,
				7FDF860D18BCE52200299221 /* STBlockingQueue.m */,
				7FDF860918BCE52200299221 /* Supporting Files */,
			);
			path = STBlockingQueue;
			sourceTree = "<group>";
		};
		7FDF860918BCE52200299221 /* Supporting Files */ = {
			isa = PBXGroup;
			children = (
				7FDF860A18BCE52200299221 /* STBlockingQueue-Prefix.pch */,
			);
			name = "Supporting Files";
			sourceTree = "<group>";
		};
		7FDF861C18BCE52200299221 /* STBlockingQueueTests */ = {
			isa = PBXGroup;
			children = (
				7FDF862218BCE52200299221 /* STBlockingQueueTests.m */,
				7FDF861D18BCE52200299221 /* Supporting Files */,
			);
			path = STBlockingQueueTests;
			sourceTree = "<group>";
		};
		7FDF861D18BCE52200299221 /* Supporting Files */ = {
			isa = PBXGroup;
			children = (
				7FDF861E18BCE52200299221 /* STBlockingQueueTests-Info.plist */,
				7FDF861F18BCE52200299221 /* InfoPlist.strings */,
			);
			name = "Supporting Files";
			sourceTree = "<group>";
		};
/* End PBXGroup section */

/* Begin PBXNativeTarget section */
		7FDF860218BCE52200299221 /* STBlockingQueue */ = {
			isa = PBXNativeTarget;
			buildConfigurationList = 7FDF862618BCE52200299221 /* Build configuration list for PBXNativeTarget "STBlockingQueue" */;
			buildPhases = (
				7E6A07B388A047DB9057BCCE /* Check Pods Manifest.lock */,
				7FDF85FF18BCE52200299221 /* Sources */,
				7FDF860018BCE52200299221 /* Frameworks */,
				7FDF860118BCE52200299221 /* CopyFiles */,
				244EC2084D5642C58E173BB6 /* Copy Pods Resources */,
			);
			buildRules = (
			);
			dependencies = (
			);
			name = STBlockingQueue;
			productName = STBlockingQueue;
			productReference = 7FDF860318BCE52200299221 /* libSTBlockingQueue.a */;
			productType = "com.apple.product-type.library.static";
		};
		7FDF861218BCE52200299221 /* STBlockingQueueTests */ = {
			isa = PBXNativeTarget;
			buildConfigurationList = 7FDF862918BCE52200299221 /* Build configuration list for PBXNativeTarget "STBlockingQueueTests" */;
			buildPhases = (
				C4D0FF0D15334BC985FDBB88 /* Check Pods Manifest.lock */,
				7FDF860F18BCE52200299221 /* Sources */,
				7FDF861018BCE52200299221 /* Frameworks */,
				7FDF861118BCE52200299221 /* Resources */,
				20C1357CACCD45E5B19E058D /* Copy Pods Resources */,
			);
			buildRules = (
			);
			dependencies = (
				7FDF861A18BCE52200299221 /* PBXTargetDependency */,
			);
			name = STBlockingQueueTests;
			productName = STBlockingQueueTests;
			productReference = 7FDF861318BCE52200299221 /* STBlockingQueueTests.xctest */;
			productType = "com.apple.product-type.bundle.unit-test";
		};
/* End PBXNativeTarget section */

/* Begin PBXProject section */
		7FDF85FB18BCE52200299221 /* Project object */ = {
			isa = PBXProject;
			attributes = {
				LastUpgradeCheck = 0500;
				ORGANIZATIONNAME = saiten;
			};
			buildConfigurationList = 7FDF85FE18BCE52200299221 /* Build configuration list for PBXProject "STBlockingQueue" */;
			compatibilityVersion = "Xcode 3.2";
			developmentRegion = English;
			hasScannedForEncodings = 0;
			knownRegions = (
				en,
			);
			mainGroup = 7FDF85FA18BCE52200299221;
			productRefGroup = 7FDF860418BCE52200299221 /* Products */;
			projectDirPath = "";
			projectRoot = "";
			targets = (
				7FDF860218BCE52200299221 /* STBlockingQueue */,
				7FDF861218BCE52200299221 /* STBlockingQueueTests */,
			);
		};
/* End PBXProject section */

/* Begin PBXResourcesBuildPhase section */
		7FDF861118BCE52200299221 /* Resources */ = {
			isa = PBXResourcesBuildPhase;
			buildActionMask = 2147483647;
			files = (
				7FDF862118BCE52200299221 /* InfoPlist.strings in Resources */,
			);
			runOnlyForDeploymentPostprocessing = 0;
		};
/* End PBXResourcesBuildPhase section */

/* Begin PBXShellScriptBuildPhase section */
		20C1357CACCD45E5B19E058D /* Copy Pods Resources */ = {
			isa = PBXShellScriptBuildPhase;
			buildActionMask = 2147483647;
			files = (
			);
			inputPaths = (
			);
			name = "Copy Pods Resources";
			outputPaths = (
			);
			runOnlyForDeploymentPostprocessing = 0;
			shellPath = /bin/sh;
			shellScript = "\"${SRCROOT}/Pods/Pods-test-resources.sh\"\n";
			showEnvVarsInLog = 0;
		};
		244EC2084D5642C58E173BB6 /* Copy Pods Resources */ = {
			isa = PBXShellScriptBuildPhase;
			buildActionMask = 2147483647;
			files = (
			);
			inputPaths = (
			);
			name = "Copy Pods Resources";
			outputPaths = (
			);
			runOnlyForDeploymentPostprocessing = 0;
			shellPath = /bin/sh;
			shellScript = "\"${SRCROOT}/Pods/Pods-resources.sh\"\n";
			showEnvVarsInLog = 0;
		};
		7E6A07B388A047DB9057BCCE /* Check Pods Manifest.lock */ = {
			isa = PBXShellScriptBuildPhase;
			buildActionMask = 2147483647;
			files = (
			);
			inputPaths = (
			);
			name = "Check Pods Manifest.lock";
			outputPaths = (
			);
			runOnlyForDeploymentPostprocessing = 0;
			shellPath = /bin/sh;
			shellScript = "diff \"${PODS_ROOT}/../Podfile.lock\" \"${PODS_ROOT}/Manifest.lock\" > /dev/null\nif [[ $? != 0 ]] ; then\n    cat << EOM\nerror: The sandbox is not in sync with the Podfile.lock. Run 'pod install' or update your CocoaPods installation.\nEOM\n    exit 1\nfi\n";
			showEnvVarsInLog = 0;
		};
		C4D0FF0D15334BC985FDBB88 /* Check Pods Manifest.lock */ = {
			isa = PBXShellScriptBuildPhase;
			buildActionMask = 2147483647;
			files = (
			);
			inputPaths = (
			);
			name = "Check Pods Manifest.lock";
			outputPaths = (
			);
			runOnlyForDeploymentPostprocessing = 0;
			shellPath = /bin/sh;
			shellScript = "diff \"${PODS_ROOT}/../Podfile.lock\" \"${PODS_ROOT}/Manifest.lock\" > /dev/null\nif [[ $? != 0 ]] ; then\n    cat << EOM\nerror: The sandbox is not in sync with the Podfile.lock. Run 'pod install' or update your CocoaPods installation.\nEOM\n    exit 1\nfi\n";
			showEnvVarsInLog = 0;
		};
/* End PBXShellScriptBuildPhase section */

/* Begin PBXSourcesBuildPhase section */
		7FDF85FF18BCE52200299221 /* Sources */ = {
			isa = PBXSourcesBuildPhase;
			buildActionMask = 2147483647;
			files = (
				7FDF860E18BCE52200299221 /* STBlockingQueue.m in Sources */,
			);
			runOnlyForDeploymentPostprocessing = 0;
		};
		7FDF860F18BCE52200299221 /* Sources */ = {
			isa = PBXSourcesBuildPhase;
			buildActionMask = 2147483647;
			files = (
				7FDF862318BCE52200299221 /* STBlockingQueueTests.m in Sources */,
			);
			runOnlyForDeploymentPostprocessing = 0;
		};
/* End PBXSourcesBuildPhase section */

/* Begin PBXTargetDependency section */
		7FDF861A18BCE52200299221 /* PBXTargetDependency */ = {
			isa = PBXTargetDependency;
			target = 7FDF860218BCE52200299221 /* STBlockingQueue */;
			targetProxy = 7FDF861918BCE52200299221 /* PBXContainerItemProxy */;
		};
/* End PBXTargetDependency section */

/* Begin PBXVariantGroup section */
		7FDF861F18BCE52200299221 /* InfoPlist.strings */ = {
			isa = PBXVariantGroup;
			children = (
				7FDF862018BCE52200299221 /* en */,
			);
			name = InfoPlist.strings;
			sourceTree = "<group>";
		};
/* End PBXVariantGroup section */

/* Begin XCBuildConfiguration section */
		7FDF862418BCE52200299221 /* Debug */ = {
			isa = XCBuildConfiguration;
			buildSettings = {
				ALWAYS_SEARCH_USER_PATHS = NO;
				ARCHS = "$(ARCHS_STANDARD_INCLUDING_64_BIT)";
				CLANG_CXX_LANGUAGE_STANDARD = "gnu++0x";
				CLANG_CXX_LIBRARY = "libc++";
				CLANG_ENABLE_MODULES = YES;
				CLANG_ENABLE_OBJC_ARC = YES;
				CLANG_WARN_BOOL_CONVERSION = YES;
				CLANG_WARN_CONSTANT_CONVERSION = YES;
				CLANG_WARN_DIRECT_OBJC_ISA_USAGE = YES_ERROR;
				CLANG_WARN_EMPTY_BODY = YES;
				CLANG_WARN_ENUM_CONVERSION = YES;
				CLANG_WARN_INT_CONVERSION = YES;
				CLANG_WARN_OBJC_ROOT_CLASS = YES_ERROR;
				CLANG_WARN__DUPLICATE_METHOD_MATCH = YES;
				COPY_PHASE_STRIP = NO;
				GCC_C_LANGUAGE_STANDARD = gnu99;
				GCC_DYNAMIC_NO_PIC = NO;
				GCC_OPTIMIZATION_LEVEL = 0;
				GCC_PREPROCESSOR_DEFINITIONS = (
					"DEBUG=1",
					"$(inherited)",
				);
				GCC_SYMBOLS_PRIVATE_EXTERN = NO;
				GCC_WARN_64_TO_32_BIT_CONVERSION = YES;
				GCC_WARN_ABOUT_RETURN_TYPE = YES_ERROR;
				GCC_WARN_UNDECLARED_SELECTOR = YES;
				GCC_WARN_UNINITIALIZED_AUTOS = YES;
				GCC_WARN_UNUSED_FUNCTION = YES;
				GCC_WARN_UNUSED_VARIABLE = YES;
				IPHONEOS_DEPLOYMENT_TARGET = 7.0;
				ONLY_ACTIVE_ARCH = YES;
				SDKROOT = iphoneos;
			};
			name = Debug;
		};
		7FDF862518BCE52200299221 /* Release */ = {
			isa = XCBuildConfiguration;
			buildSettings = {
				ALWAYS_SEARCH_USER_PATHS = NO;
				ARCHS = "$(ARCHS_STANDARD_INCLUDING_64_BIT)";
				CLANG_CXX_LANGUAGE_STANDARD = "gnu++0x";
				CLANG_CXX_LIBRARY = "libc++";
				CLANG_ENABLE_MODULES = YES;
				CLANG_ENABLE_OBJC_ARC = YES;
				CLANG_WARN_BOOL_CONVERSION = YES;
				CLANG_WARN_CONSTANT_CONVERSION = YES;
				CLANG_WARN_DIRECT_OBJC_ISA_USAGE = YES_ERROR;
				CLANG_WARN_EMPTY_BODY = YES;
				CLANG_WARN_ENUM_CONVERSION = YES;
				CLANG_WARN_INT_CONVERSION = YES;
				CLANG_WARN_OBJC_ROOT_CLASS = YES_ERROR;
				CLANG_WARN__DUPLICATE_METHOD_MATCH = YES;
				COPY_PHASE_STRIP = YES;
				ENABLE_NS_ASSERTIONS = NO;
				GCC_C_LANGUAGE_STANDARD = gnu99;
				GCC_WARN_64_TO_32_BIT_CONVERSION = YES;
				GCC_WARN_ABOUT_RETURN_TYPE = YES_ERROR;
				GCC_WARN_UNDECLARED_SELECTOR = YES;
				GCC_WARN_UNINITIALIZED_AUTOS = YES;
				GCC_WARN_UNUSED_FUNCTION = YES;
				GCC_WARN_UNUSED_VARIABLE = YES;
				IPHONEOS_DEPLOYMENT_TARGET = 7.0;
				SDKROOT = iphoneos;
				VALIDATE_PRODUCT = YES;
			};
			name = Release;
		};
		7FDF862718BCE52200299221 /* Debug */ = {
			isa = XCBuildConfiguration;
			baseConfigurationReference = 3B755DA2627C4A22B6AEBB7C /* Pods.xcconfig */;
			buildSettings = {
				DSTROOT = /tmp/STBlockingQueue.dst;
				GCC_PRECOMPILE_PREFIX_HEADER = YES;
				GCC_PREFIX_HEADER = "STBlockingQueue/STBlockingQueue-Prefix.pch";
				OTHER_LDFLAGS = "-ObjC";
				PRODUCT_NAME = "$(TARGET_NAME)";
				SKIP_INSTALL = YES;
			};
			name = Debug;
		};
		7FDF862818BCE52200299221 /* Release */ = {
			isa = XCBuildConfiguration;
			baseConfigurationReference = 3B755DA2627C4A22B6AEBB7C /* Pods.xcconfig */;
			buildSettings = {
				DSTROOT = /tmp/STBlockingQueue.dst;
				GCC_PRECOMPILE_PREFIX_HEADER = YES;
				GCC_PREFIX_HEADER = "STBlockingQueue/STBlockingQueue-Prefix.pch";
				OTHER_LDFLAGS = "-ObjC";
				PRODUCT_NAME = "$(TARGET_NAME)";
				SKIP_INSTALL = YES;
			};
			name = Release;
		};
		7FDF862A18BCE52200299221 /* Debug */ = {
			isa = XCBuildConfiguration;
			baseConfigurationReference = 8C23DC3989904B9DA811D53A /* Pods-test.xcconfig */;
			buildSettings = {
				ARCHS = "$(ARCHS_STANDARD_INCLUDING_64_BIT)";
				FRAMEWORK_SEARCH_PATHS = (
					"$(SDKROOT)/Developer/Library/Frameworks",
					"$(inherited)",
					"$(DEVELOPER_FRAMEWORKS_DIR)",
				);
				GCC_PRECOMPILE_PREFIX_HEADER = YES;
				GCC_PREFIX_HEADER = "STBlockingQueue/STBlockingQueue-Prefix.pch";
				GCC_PREPROCESSOR_DEFINITIONS = (
					"DEBUG=1",
					"$(inherited)",
				);
				INFOPLIST_FILE = "STBlockingQueueTests/STBlockingQueueTests-Info.plist";
				PRODUCT_NAME = "$(TARGET_NAME)";
				WRAPPER_EXTENSION = xctest;
			};
			name = Debug;
		};
		7FDF862B18BCE52200299221 /* Release */ = {
			isa = XCBuildConfiguration;
			baseConfigurationReference = 8C23DC3989904B9DA811D53A /* Pods-test.xcconfig */;
			buildSettings = {
				ARCHS = "$(ARCHS_STANDARD_INCLUDING_64_BIT)";
				FRAMEWORK_SEARCH_PATHS = (
					"$(SDKROOT)/Developer/Library/Frameworks",
					"$(inherited)",
					"$(DEVELOPER_FRAMEWORKS_DIR)",
				);
				GCC_PRECOMPILE_PREFIX_HEADER = YES;
				GCC_PREFIX_HEADER = "STBlockingQueue/STBlockingQueue-Prefix.pch";
				INFOPLIST_FILE = "STBlockingQueueTests/STBlockingQueueTests-Info.plist";
				PRODUCT_NAME = "$(TARGET_NAME)";
				WRAPPER_EXTENSION = xctest;
			};
			name = Release;
		};
/* End XCBuildConfiguration section */

/* Begin XCConfigurationList section */
		7FDF85FE18BCE52200299221 /* Build configuration list for PBXProject "STBlockingQueue" */ = {
			isa = XCConfigurationList;
			buildConfigurations = (
				7FDF862418BCE52200299221 /* Debug */,
				7FDF862518BCE52200299221 /* Release */,
			);
			defaultConfigurationIsVisible = 0;
			defaultConfigurationName = Release;
		};
		7FDF862618BCE52200299221 /* Build configuration list for PBXNativeTarget "STBlockingQueue" */ = {
			isa = XCConfigurationList;
			buildConfigurations = (
				7FDF862718BCE52200299221 /* Debug */,
				7FDF862818BCE52200299221 /* Release */,
			);
			defaultConfigurationIsVisible = 0;
			defaultConfigurationName = Release;
		};
		7FDF862918BCE52200299221 /* Build configuration list for PBXNativeTarget "STBlockingQueueTests" */ = {
			isa = XCConfigurationList;
			buildConfigurations = (
				7FDF862A18BCE52200299221 /* Debug */,
				7FDF862B18BCE52200299221 /* Release */,
			);
			defaultConfigurationIsVisible = 0;
			defaultConfigurationName = Release;
		};
/* End XCConfigurationList section */
	};
	rootObject = 7FDF85FB18BCE52200299221 /* Project object */;
}
